
Microsoft Visual Studio Solution File, Format Version 12.00
# Visual Studio Version 17
VisualStudioVersion = 17.12.35527.113 d17.12
MinimumVisualStudioVersion = 10.0.40219.1
Project("{FAE04EC0-301F-11D3-BF4B-00C04F79EFBC}") = "NetworkChat", "NetworkChat\NetworkChat.csproj", "{AE77A0C4-4442-4927-AB37-F3606DE04EFF}"
EndProject
Project("{FAE04EC0-301F-11D3-BF4B-00C04F79EFBC}") = "NetworkChat.Tests", "NetworkChat.Tests\NetworkChat.Tests.csproj", "{D9F48CDB-E36D-493E-983E-303E81BD42DF}"
EndProject
Global
	GlobalSection(SolutionConfigurationPlatforms) = preSolution
		Debug|Any CPU = Debug|Any CPU
		Release|Any CPU = Release|Any CPU
	EndGlobalSection
	GlobalSection(ProjectConfigurationPlatforms) = postSolution
		{AE77A0C4-4442-4927-AB37-F3606DE04EFF}.Debug|Any CPU.ActiveCfg = Debug|Any CPU
		{AE77A0C4-4442-4927-AB37-F3606DE04EFF}.Debug|Any CPU.Build.0 = Debug|Any CPU
		{AE77A0C4-4442-4927-AB37-F3606DE04EFF}.Release|Any CPU.ActiveCfg = Release|Any CPU
		{AE77A0C4-4442-4927-AB37-F3606DE04EFF}.Release|Any CPU.Build.0 = Release|Any CPU
		{D9F48CDB-E36D-493E-983E-303E81BD42DF}.Debug|Any CPU.ActiveCfg = Debug|Any CPU
		{D9F48CDB-E36D-493E-983E-303E81BD42DF}.Debug|Any CPU.Build.0 = Debug|Any CPU
		{D9F48CDB-E36D-493E-983E-303E81BD42DF}.Release|Any CPU.ActiveCfg = Release|Any CPU
		{D9F48CDB-E36D-493E-983E-303E81BD42DF}.Release|Any CPU.Build.0 = Release|Any CPU
	EndGlobalSection
	GlobalSection(SolutionProperties) = preSolution
		HideSolutionNode = FALSE
	EndGlobalSection
EndGlobal
